
Microsoft Visual Studio Solution File, Format Version 12.00
# Visual Studio Version 16
VisualStudioVersion = 16.0.30907.101
MinimumVisualStudioVersion = 10.0.40219.1
Project("{9A19103F-16F7-4668-BE54-9A1E7A4F7556}") = "LexiconUppgifter", "LexiconUppgifter.csproj", "{FE9C124E-2459-46DD-B435-5B8158CA838B}"
EndProject
Global
	GlobalSection(SolutionConfigurationPlatforms) = preSolution
		Debug|Any CPU = Debug|Any CPU
		Release|Any CPU = Release|Any CPU
	EndGlobalSection
	GlobalSection(ProjectConfigurationPlatforms) = postSolution
		{FE9C124E-2459-46DD-B435-5B8158CA838B}.Debug|Any CPU.ActiveCfg = Debug|Any CPU
		{FE9C124E-2459-46DD-B435-5B8158CA838B}.Debug|Any CPU.Build.0 = Debug|Any CPU
		{FE9C124E-2459-46DD-B435-5B8158CA838B}.Release|Any CPU.ActiveCfg = Release|Any CPU
		{FE9C124E-2459-46DD-B435-5B8158CA838B}.Release|Any CPU.Build.0 = Release|Any CPU
	EndGlobalSection
	GlobalSection(SolutionProperties) = preSolution
		HideSolutionNode = FALSE
	EndGlobalSection
	GlobalSection(ExtensibilityGlobals) = postSolution
		SolutionGuid = {4B3982A1-C0DD-48C9-A96B-DADE2DAEDF83}
	EndGlobalSection
EndGlobal
